
Microsoft Visual Studio Solution File, Format Version 12.00
# Visual Studio Version 16
VisualStudioVersion = 16.0.31321.278
MinimumVisualStudioVersion = 10.0.40219.1
Project("{9A19103F-16F7-4668-BE54-9A1E7A4F7556}") = "Task_1", "Task_1\Task_1.csproj", "{214F97AD-FB2A-461A-86EB-DDD231B49F0A}"
EndProject
Project("{9A19103F-16F7-4668-BE54-9A1E7A4F7556}") = "Task_2", "Task_2\Task_2.csproj", "{F41DA531-CDE4-4754-AD22-84D1D00CE803}"
EndProject
Project("{FAE04EC0-301F-11D3-BF4B-00C04F79EFBC}") = "Task_3", "Task_3\Task_3.csproj", "{496B3442-5F20-4A93-B883-210F6F54F55D}"
EndProject
Global
	GlobalSection(SolutionConfigurationPlatforms) = preSolution
		Debug|Any CPU = Debug|Any CPU
		Release|Any CPU = Release|Any CPU
	EndGlobalSection
	GlobalSection(ProjectConfigurationPlatforms) = postSolution
		{214F97AD-FB2A-461A-86EB-DDD231B49F0A}.Debug|Any CPU.ActiveCfg = Debug|Any CPU
		{214F97AD-FB2A-461A-86EB-DDD231B49F0A}.Debug|Any CPU.Build.0 = Debug|Any CPU
		{214F97AD-FB2A-461A-86EB-DDD231B49F0A}.Release|Any CPU.ActiveCfg = Release|Any CPU
		{214F97AD-FB2A-461A-86EB-DDD231B49F0A}.Release|Any CPU.Build.0 = Release|Any CPU
		{F41DA531-CDE4-4754-AD22-84D1D00CE803}.Debug|Any CPU.ActiveCfg = Debug|Any CPU
		{F41DA531-CDE4-4754-AD22-84D1D00CE803}.Debug|Any CPU.Build.0 = Debug|Any CPU
		{F41DA531-CDE4-4754-AD22-84D1D00CE803}.Release|Any CPU.ActiveCfg = Release|Any CPU
		{F41DA531-CDE4-4754-AD22-84D1D00CE803}.Release|Any CPU.Build.0 = Release|Any CPU
		{496B3442-5F20-4A93-B883-210F6F54F55D}.Debug|Any CPU.ActiveCfg = Debug|Any CPU
		{496B3442-5F20-4A93-B883-210F6F54F55D}.Debug|Any CPU.Build.0 = Debug|Any CPU
		{496B3442-5F20-4A93-B883-210F6F54F55D}.Release|Any CPU.ActiveCfg = Release|Any CPU
		{496B3442-5F20-4A93-B883-210F6F54F55D}.Release|Any CPU.Build.0 = Release|Any CPU
	EndGlobalSection
	GlobalSection(SolutionProperties) = preSolution
		HideSolutionNode = FALSE
	EndGlobalSection
	GlobalSection(ExtensibilityGlobals) = postSolution
		SolutionGuid = {CE537DA8-F262-483E-8EAC-6BDF73BABF37}
	EndGlobalSection
EndGlobal
