
Microsoft Visual Studio Solution File, Format Version 12.00
# Visual Studio Version 16
VisualStudioVersion = 16.0.31321.278
MinimumVisualStudioVersion = 10.0.40219.1
Project("{9A19103F-16F7-4668-BE54-9A1E7A4F7556}") = "Task_2", "Task_2\Task_2.csproj", "{8DCB7CEB-1E60-42FE-847B-B92BB4F432B6}"
	ProjectSection(ProjectDependencies) = postProject
		{850C64D3-2729-4CAD-B0D5-B5759028D9A8} = {850C64D3-2729-4CAD-B0D5-B5759028D9A8}
	EndProjectSection
EndProject
Project("{9A19103F-16F7-4668-BE54-9A1E7A4F7556}") = "Task_1", "Task_1\Task_1.csproj", "{4B1E68EE-5BE4-49A2-94B5-502262372939}"
	ProjectSection(ProjectDependencies) = postProject
		{850C64D3-2729-4CAD-B0D5-B5759028D9A8} = {850C64D3-2729-4CAD-B0D5-B5759028D9A8}
	EndProjectSection
EndProject
Project("{9A19103F-16F7-4668-BE54-9A1E7A4F7556}") = "MyLib", "MyLib.Day_9\MyLib.csproj", "{850C64D3-2729-4CAD-B0D5-B5759028D9A8}"
EndProject
Project("{FAE04EC0-301F-11D3-BF4B-00C04F79EFBC}") = "Mylib.Tests", "Mylib.Tests\Mylib.Tests.csproj", "{97AF4946-E282-4356-B0FF-531EE5D218BA}"
EndProject
Project("{FAE04EC0-301F-11D3-BF4B-00C04F79EFBC}") = "MyLibTests", "MyLibTests\MyLibTests.csproj", "{F683FA50-47E5-469B-9CFA-8DA83467C03A}"
EndProject
Global
	GlobalSection(SolutionConfigurationPlatforms) = preSolution
		Debug|Any CPU = Debug|Any CPU
		Release|Any CPU = Release|Any CPU
	EndGlobalSection
	GlobalSection(ProjectConfigurationPlatforms) = postSolution
		{8DCB7CEB-1E60-42FE-847B-B92BB4F432B6}.Debug|Any CPU.ActiveCfg = Debug|Any CPU
		{8DCB7CEB-1E60-42FE-847B-B92BB4F432B6}.Debug|Any CPU.Build.0 = Debug|Any CPU
		{8DCB7CEB-1E60-42FE-847B-B92BB4F432B6}.Release|Any CPU.ActiveCfg = Release|Any CPU
		{8DCB7CEB-1E60-42FE-847B-B92BB4F432B6}.Release|Any CPU.Build.0 = Release|Any CPU
		{4B1E68EE-5BE4-49A2-94B5-502262372939}.Debug|Any CPU.ActiveCfg = Debug|Any CPU
		{4B1E68EE-5BE4-49A2-94B5-502262372939}.Debug|Any CPU.Build.0 = Debug|Any CPU
		{4B1E68EE-5BE4-49A2-94B5-502262372939}.Release|Any CPU.ActiveCfg = Release|Any CPU
		{4B1E68EE-5BE4-49A2-94B5-502262372939}.Release|Any CPU.Build.0 = Release|Any CPU
		{850C64D3-2729-4CAD-B0D5-B5759028D9A8}.Debug|Any CPU.ActiveCfg = Debug|Any CPU
		{850C64D3-2729-4CAD-B0D5-B5759028D9A8}.Debug|Any CPU.Build.0 = Debug|Any CPU
		{850C64D3-2729-4CAD-B0D5-B5759028D9A8}.Release|Any CPU.ActiveCfg = Release|Any CPU
		{850C64D3-2729-4CAD-B0D5-B5759028D9A8}.Release|Any CPU.Build.0 = Release|Any CPU
		{97AF4946-E282-4356-B0FF-531EE5D218BA}.Debug|Any CPU.ActiveCfg = Debug|Any CPU
		{97AF4946-E282-4356-B0FF-531EE5D218BA}.Debug|Any CPU.Build.0 = Debug|Any CPU
		{97AF4946-E282-4356-B0FF-531EE5D218BA}.Release|Any CPU.ActiveCfg = Release|Any CPU
		{97AF4946-E282-4356-B0FF-531EE5D218BA}.Release|Any CPU.Build.0 = Release|Any CPU
		{F683FA50-47E5-469B-9CFA-8DA83467C03A}.Debug|Any CPU.ActiveCfg = Debug|Any CPU
		{F683FA50-47E5-469B-9CFA-8DA83467C03A}.Debug|Any CPU.Build.0 = Debug|Any CPU
		{F683FA50-47E5-469B-9CFA-8DA83467C03A}.Release|Any CPU.ActiveCfg = Release|Any CPU
		{F683FA50-47E5-469B-9CFA-8DA83467C03A}.Release|Any CPU.Build.0 = Release|Any CPU
	EndGlobalSection
	GlobalSection(SolutionProperties) = preSolution
		HideSolutionNode = FALSE
	EndGlobalSection
	GlobalSection(ExtensibilityGlobals) = postSolution
		SolutionGuid = {18B40DD2-1281-4921-9309-8EF3CBA5E325}
	EndGlobalSection
EndGlobal
