
Microsoft Visual Studio Solution File, Format Version 12.00
# Visual Studio Version 16
VisualStudioVersion = 16.0.31321.278
MinimumVisualStudioVersion = 10.0.40219.1
Project("{9A19103F-16F7-4668-BE54-9A1E7A4F7556}") = "Task4", "Task3\Task4.csproj", "{FE50784D-6494-4A2E-AE47-733822881F73}"
EndProject
Project("{9A19103F-16F7-4668-BE54-9A1E7A4F7556}") = "Task5", "Task5\Task5.csproj", "{C067B488-7AF0-4684-853F-4F54FA853E7F}"
EndProject
Project("{FAE04EC0-301F-11D3-BF4B-00C04F79EFBC}") = "Task7", "Task7\Task7.csproj", "{07659CE5-7600-4B26-9C41-DFBA06041656}"
EndProject
Global
	GlobalSection(SolutionConfigurationPlatforms) = preSolution
		Debug|Any CPU = Debug|Any CPU
		Release|Any CPU = Release|Any CPU
	EndGlobalSection
	GlobalSection(ProjectConfigurationPlatforms) = postSolution
		{FE50784D-6494-4A2E-AE47-733822881F73}.Debug|Any CPU.ActiveCfg = Debug|Any CPU
		{FE50784D-6494-4A2E-AE47-733822881F73}.Debug|Any CPU.Build.0 = Debug|Any CPU
		{FE50784D-6494-4A2E-AE47-733822881F73}.Release|Any CPU.ActiveCfg = Release|Any CPU
		{FE50784D-6494-4A2E-AE47-733822881F73}.Release|Any CPU.Build.0 = Release|Any CPU
		{C067B488-7AF0-4684-853F-4F54FA853E7F}.Debug|Any CPU.ActiveCfg = Debug|Any CPU
		{C067B488-7AF0-4684-853F-4F54FA853E7F}.Debug|Any CPU.Build.0 = Debug|Any CPU
		{C067B488-7AF0-4684-853F-4F54FA853E7F}.Release|Any CPU.ActiveCfg = Release|Any CPU
		{C067B488-7AF0-4684-853F-4F54FA853E7F}.Release|Any CPU.Build.0 = Release|Any CPU
		{07659CE5-7600-4B26-9C41-DFBA06041656}.Debug|Any CPU.ActiveCfg = Debug|Any CPU
		{07659CE5-7600-4B26-9C41-DFBA06041656}.Debug|Any CPU.Build.0 = Debug|Any CPU
		{07659CE5-7600-4B26-9C41-DFBA06041656}.Release|Any CPU.ActiveCfg = Release|Any CPU
		{07659CE5-7600-4B26-9C41-DFBA06041656}.Release|Any CPU.Build.0 = Release|Any CPU
	EndGlobalSection
	GlobalSection(SolutionProperties) = preSolution
		HideSolutionNode = FALSE
	EndGlobalSection
	GlobalSection(ExtensibilityGlobals) = postSolution
		SolutionGuid = {AC6B3728-25F2-4008-AB1B-82D5E0617D73}
	EndGlobalSection
EndGlobal
