
Microsoft Visual Studio Solution File, Format Version 12.00
# Visual Studio Version 16
VisualStudioVersion = 16.0.31321.278
MinimumVisualStudioVersion = 10.0.40219.1
Project("{9A19103F-16F7-4668-BE54-9A1E7A4F7556}") = "Task_1", "Task_1\Task_1.csproj", "{7F8E9686-AFB0-48F0-A23C-401D7FFBEFFF}"
EndProject
Project("{9A19103F-16F7-4668-BE54-9A1E7A4F7556}") = "Task_2", "Task_2\Task_2.csproj", "{18BB555F-9D70-435C-9441-D2DC5094A3C3}"
EndProject
Project("{9A19103F-16F7-4668-BE54-9A1E7A4F7556}") = "Task_3", "Task_3\Task_3.csproj", "{6DF91F64-EC31-408C-BA0B-13810955CDD8}"
EndProject
Project("{FAE04EC0-301F-11D3-BF4B-00C04F79EFBC}") = "Task_4", "Task_4\Task_4.csproj", "{B3EECD2F-041D-4D26-96BE-E660AAF1C260}"
EndProject
Global
	GlobalSection(SolutionConfigurationPlatforms) = preSolution
		Debug|Any CPU = Debug|Any CPU
		Release|Any CPU = Release|Any CPU
	EndGlobalSection
	GlobalSection(ProjectConfigurationPlatforms) = postSolution
		{7F8E9686-AFB0-48F0-A23C-401D7FFBEFFF}.Debug|Any CPU.ActiveCfg = Debug|Any CPU
		{7F8E9686-AFB0-48F0-A23C-401D7FFBEFFF}.Debug|Any CPU.Build.0 = Debug|Any CPU
		{7F8E9686-AFB0-48F0-A23C-401D7FFBEFFF}.Release|Any CPU.ActiveCfg = Release|Any CPU
		{7F8E9686-AFB0-48F0-A23C-401D7FFBEFFF}.Release|Any CPU.Build.0 = Release|Any CPU
		{18BB555F-9D70-435C-9441-D2DC5094A3C3}.Debug|Any CPU.ActiveCfg = Debug|Any CPU
		{18BB555F-9D70-435C-9441-D2DC5094A3C3}.Debug|Any CPU.Build.0 = Debug|Any CPU
		{18BB555F-9D70-435C-9441-D2DC5094A3C3}.Release|Any CPU.ActiveCfg = Release|Any CPU
		{18BB555F-9D70-435C-9441-D2DC5094A3C3}.Release|Any CPU.Build.0 = Release|Any CPU
		{6DF91F64-EC31-408C-BA0B-13810955CDD8}.Debug|Any CPU.ActiveCfg = Debug|Any CPU
		{6DF91F64-EC31-408C-BA0B-13810955CDD8}.Debug|Any CPU.Build.0 = Debug|Any CPU
		{6DF91F64-EC31-408C-BA0B-13810955CDD8}.Release|Any CPU.ActiveCfg = Release|Any CPU
		{6DF91F64-EC31-408C-BA0B-13810955CDD8}.Release|Any CPU.Build.0 = Release|Any CPU
		{B3EECD2F-041D-4D26-96BE-E660AAF1C260}.Debug|Any CPU.ActiveCfg = Debug|Any CPU
		{B3EECD2F-041D-4D26-96BE-E660AAF1C260}.Debug|Any CPU.Build.0 = Debug|Any CPU
		{B3EECD2F-041D-4D26-96BE-E660AAF1C260}.Release|Any CPU.ActiveCfg = Release|Any CPU
		{B3EECD2F-041D-4D26-96BE-E660AAF1C260}.Release|Any CPU.Build.0 = Release|Any CPU
	EndGlobalSection
	GlobalSection(SolutionProperties) = preSolution
		HideSolutionNode = FALSE
	EndGlobalSection
	GlobalSection(ExtensibilityGlobals) = postSolution
		SolutionGuid = {56B29EB0-FAC6-472E-AB8B-774B8CFB00E6}
	EndGlobalSection
EndGlobal
